
Microsoft Visual Studio Solution File, Format Version 12.00
# Visual Studio Version 17
VisualStudioVersion = 17.1.32210.238
MinimumVisualStudioVersion = 10.0.40219.1
Project("{9A19103F-16F7-4668-BE54-9A1E7A4F7556}") = "MetricsManager", "MetricsManager.csproj", "{A956332E-463E-4F09-B6A3-A4C798E6408B}"
EndProject
Project("{9A19103F-16F7-4668-BE54-9A1E7A4F7556}") = "MetricsManagerTests", "..\MetricsManagerTests\MetricsManagerTests.csproj", "{4BDC27AA-87B3-44EB-B6B7-8BD9BBABDB3F}"
EndProject
Project("{9A19103F-16F7-4668-BE54-9A1E7A4F7556}") = "MetricsAgent", "..\MetricsAgent\MetricsAgent.csproj", "{3EFDC6C8-8900-4A9E-83DB-B5CEDE726F89}"
EndProject
Project("{9A19103F-16F7-4668-BE54-9A1E7A4F7556}") = "MetricsAgentTests", "..\MetricsAgentTests\MetricsAgentTests.csproj", "{2C57A498-0C75-44D9-B89D-3543C5C94D91}"
EndProject
Global
	GlobalSection(SolutionConfigurationPlatforms) = preSolution
		Debug|Any CPU = Debug|Any CPU
		Release|Any CPU = Release|Any CPU
	EndGlobalSection
	GlobalSection(ProjectConfigurationPlatforms) = postSolution
		{A956332E-463E-4F09-B6A3-A4C798E6408B}.Debug|Any CPU.ActiveCfg = Debug|Any CPU
		{A956332E-463E-4F09-B6A3-A4C798E6408B}.Debug|Any CPU.Build.0 = Debug|Any CPU
		{A956332E-463E-4F09-B6A3-A4C798E6408B}.Release|Any CPU.ActiveCfg = Release|Any CPU
		{A956332E-463E-4F09-B6A3-A4C798E6408B}.Release|Any CPU.Build.0 = Release|Any CPU
		{4BDC27AA-87B3-44EB-B6B7-8BD9BBABDB3F}.Debug|Any CPU.ActiveCfg = Debug|Any CPU
		{4BDC27AA-87B3-44EB-B6B7-8BD9BBABDB3F}.Debug|Any CPU.Build.0 = Debug|Any CPU
		{4BDC27AA-87B3-44EB-B6B7-8BD9BBABDB3F}.Release|Any CPU.ActiveCfg = Release|Any CPU
		{4BDC27AA-87B3-44EB-B6B7-8BD9BBABDB3F}.Release|Any CPU.Build.0 = Release|Any CPU
		{3EFDC6C8-8900-4A9E-83DB-B5CEDE726F89}.Debug|Any CPU.ActiveCfg = Debug|Any CPU
		{3EFDC6C8-8900-4A9E-83DB-B5CEDE726F89}.Debug|Any CPU.Build.0 = Debug|Any CPU
		{3EFDC6C8-8900-4A9E-83DB-B5CEDE726F89}.Release|Any CPU.ActiveCfg = Release|Any CPU
		{3EFDC6C8-8900-4A9E-83DB-B5CEDE726F89}.Release|Any CPU.Build.0 = Release|Any CPU
		{2C57A498-0C75-44D9-B89D-3543C5C94D91}.Debug|Any CPU.ActiveCfg = Debug|Any CPU
		{2C57A498-0C75-44D9-B89D-3543C5C94D91}.Debug|Any CPU.Build.0 = Debug|Any CPU
		{2C57A498-0C75-44D9-B89D-3543C5C94D91}.Release|Any CPU.ActiveCfg = Release|Any CPU
		{2C57A498-0C75-44D9-B89D-3543C5C94D91}.Release|Any CPU.Build.0 = Release|Any CPU
	EndGlobalSection
	GlobalSection(SolutionProperties) = preSolution
		HideSolutionNode = FALSE
	EndGlobalSection
	GlobalSection(ExtensibilityGlobals) = postSolution
		SolutionGuid = {5BEDCB50-5E37-475F-B9A4-B7E6639041DC}
	EndGlobalSection
EndGlobal
